
Microsoft Visual Studio Solution File, Format Version 12.00
# Visual Studio Version 16
VisualStudioVersion = 16.0.31410.357
MinimumVisualStudioVersion = 10.0.40219.1
Project("{FAE04EC0-301F-11D3-BF4B-00C04F79EFBC}") = "Nigerian Food Cook.UWP", "Nigerian Food Cook.UWP\Nigerian Food Cook.UWP.csproj", "{59C8A316-1B08-4278-8C77-767BCE006473}"
EndProject
Project("{FAE04EC0-301F-11D3-BF4B-00C04F79EFBC}") = "Nigerian Food Cook.Android", "Nigerian Food Cook.Android\Nigerian Food Cook.Android.csproj", "{3E544637-C12A-42E6-B034-7FD6E61FF559}"
EndProject
Project("{FAE04EC0-301F-11D3-BF4B-00C04F79EFBC}") = "Nigerian Food Cook.iOS", "Nigerian Food Cook.iOS\Nigerian Food Cook.iOS.csproj", "{C3EDF715-ECEF-462C-AA7E-2DDE0C4FA36D}"
EndProject
Project("{FAE04EC0-301F-11D3-BF4B-00C04F79EFBC}") = "Nigerian Food Cook", "Nigerian Food Cook\Nigerian Food Cook.csproj", "{93812C9D-7B62-45BB-AB2C-6513EC239650}"
EndProject
Global
	GlobalSection(SolutionConfigurationPlatforms) = preSolution
		Debug|Any CPU = Debug|Any CPU
		Debug|ARM = Debug|ARM
		Debug|iPhone = Debug|iPhone
		Debug|iPhoneSimulator = Debug|iPhoneSimulator
		Debug|x64 = Debug|x64
		Debug|x86 = Debug|x86
		Release|Any CPU = Release|Any CPU
		Release|ARM = Release|ARM
		Release|iPhone = Release|iPhone
		Release|iPhoneSimulator = Release|iPhoneSimulator
		Release|x64 = Release|x64
		Release|x86 = Release|x86
	EndGlobalSection
	GlobalSection(ProjectConfigurationPlatforms) = postSolution
		{59C8A316-1B08-4278-8C77-767BCE006473}.Debug|Any CPU.ActiveCfg = Debug|x86
		{59C8A316-1B08-4278-8C77-767BCE006473}.Debug|Any CPU.Build.0 = Debug|x86
		{59C8A316-1B08-4278-8C77-767BCE006473}.Debug|Any CPU.Deploy.0 = Debug|x86
		{59C8A316-1B08-4278-8C77-767BCE006473}.Debug|ARM.ActiveCfg = Debug|ARM
		{59C8A316-1B08-4278-8C77-767BCE006473}.Debug|ARM.Build.0 = Debug|ARM
		{59C8A316-1B08-4278-8C77-767BCE006473}.Debug|ARM.Deploy.0 = Debug|ARM
		{59C8A316-1B08-4278-8C77-767BCE006473}.Debug|iPhone.ActiveCfg = Debug|x86
		{59C8A316-1B08-4278-8C77-767BCE006473}.Debug|iPhone.Build.0 = Debug|x86
		{59C8A316-1B08-4278-8C77-767BCE006473}.Debug|iPhone.Deploy.0 = Debug|x86
		{59C8A316-1B08-4278-8C77-767BCE006473}.Debug|iPhoneSimulator.ActiveCfg = Debug|x86
		{59C8A316-1B08-4278-8C77-767BCE006473}.Debug|iPhoneSimulator.Build.0 = Debug|x86
		{59C8A316-1B08-4278-8C77-767BCE006473}.Debug|iPhoneSimulator.Deploy.0 = Debug|x86
		{59C8A316-1B08-4278-8C77-767BCE006473}.Debug|x64.ActiveCfg = Debug|x64
		{59C8A316-1B08-4278-8C77-767BCE006473}.Debug|x64.Build.0 = Debug|x64
		{59C8A316-1B08-4278-8C77-767BCE006473}.Debug|x64.Deploy.0 = Debug|x64
		{59C8A316-1B08-4278-8C77-767BCE006473}.Debug|x86.ActiveCfg = Debug|x86
		{59C8A316-1B08-4278-8C77-767BCE006473}.Debug|x86.Build.0 = Debug|x86
		{59C8A316-1B08-4278-8C77-767BCE006473}.Debug|x86.Deploy.0 = Debug|x86
		{59C8A316-1B08-4278-8C77-767BCE006473}.Release|Any CPU.ActiveCfg = Release|x86
		{59C8A316-1B08-4278-8C77-767BCE006473}.Release|Any CPU.Build.0 = Release|x86
		{59C8A316-1B08-4278-8C77-767BCE006473}.Release|Any CPU.Deploy.0 = Release|x86
		{59C8A316-1B08-4278-8C77-767BCE006473}.Release|ARM.ActiveCfg = Release|ARM
		{59C8A316-1B08-4278-8C77-767BCE006473}.Release|ARM.Build.0 = Release|ARM
		{59C8A316-1B08-4278-8C77-767BCE006473}.Release|ARM.Deploy.0 = Release|ARM
		{59C8A316-1B08-4278-8C77-767BCE006473}.Release|iPhone.ActiveCfg = Release|x86
		{59C8A316-1B08-4278-8C77-767BCE006473}.Release|iPhone.Build.0 = Release|x86
		{59C8A316-1B08-4278-8C77-767BCE006473}.Release|iPhone.Deploy.0 = Release|x86
		{59C8A316-1B08-4278-8C77-767BCE006473}.Release|iPhoneSimulator.ActiveCfg = Release|x86
		{59C8A316-1B08-4278-8C77-767BCE006473}.Release|iPhoneSimulator.Build.0 = Release|x86
		{59C8A316-1B08-4278-8C77-767BCE006473}.Release|iPhoneSimulator.Deploy.0 = Release|x86
		{59C8A316-1B08-4278-8C77-767BCE006473}.Release|x64.ActiveCfg = Release|x64
		{59C8A316-1B08-4278-8C77-767BCE006473}.Release|x64.Build.0 = Release|x64
		{59C8A316-1B08-4278-8C77-767BCE006473}.Release|x64.Deploy.0 = Release|x64
		{59C8A316-1B08-4278-8C77-767BCE006473}.Release|x86.ActiveCfg = Release|x86
		{59C8A316-1B08-4278-8C77-767BCE006473}.Release|x86.Build.0 = Release|x86
		{59C8A316-1B08-4278-8C77-767BCE006473}.Release|x86.Deploy.0 = Release|x86
		{3E544637-C12A-42E6-B034-7FD6E61FF559}.Debug|Any CPU.ActiveCfg = Debug|Any CPU
		{3E544637-C12A-42E6-B034-7FD6E61FF559}.Debug|Any CPU.Build.0 = Debug|Any CPU
		{3E544637-C12A-42E6-B034-7FD6E61FF559}.Debug|Any CPU.Deploy.0 = Debug|Any CPU
		{3E544637-C12A-42E6-B034-7FD6E61FF559}.Debug|ARM.ActiveCfg = Debug|Any CPU
		{3E544637-C12A-42E6-B034-7FD6E61FF559}.Debug|ARM.Build.0 = Debug|Any CPU
		{3E544637-C12A-42E6-B034-7FD6E61FF559}.Debug|ARM.Deploy.0 = Debug|Any CPU
		{3E544637-C12A-42E6-B034-7FD6E61FF559}.Debug|iPhone.ActiveCfg = Debug|Any CPU
		{3E544637-C12A-42E6-B034-7FD6E61FF559}.Debug|iPhone.Build.0 = Debug|Any CPU
		{3E544637-C12A-42E6-B034-7FD6E61FF559}.Debug|iPhone.Deploy.0 = Debug|Any CPU
		{3E544637-C12A-42E6-B034-7FD6E61FF559}.Debug|iPhoneSimulator.ActiveCfg = Debug|Any CPU
		{3E544637-C12A-42E6-B034-7FD6E61FF559}.Debug|iPhoneSimulator.Build.0 = Debug|Any CPU
		{3E544637-C12A-42E6-B034-7FD6E61FF559}.Debug|iPhoneSimulator.Deploy.0 = Debug|Any CPU
		{3E544637-C12A-42E6-B034-7FD6E61FF559}.Debug|x64.ActiveCfg = Debug|Any CPU
		{3E544637-C12A-42E6-B034-7FD6E61FF559}.Debug|x64.Build.0 = Debug|Any CPU
		{3E544637-C12A-42E6-B034-7FD6E61FF559}.Debug|x64.Deploy.0 = Debug|Any CPU
		{3E544637-C12A-42E6-B034-7FD6E61FF559}.Debug|x86.ActiveCfg = Debug|Any CPU
		{3E544637-C12A-42E6-B034-7FD6E61FF559}.Debug|x86.Build.0 = Debug|Any CPU
		{3E544637-C12A-42E6-B034-7FD6E61FF559}.Debug|x86.Deploy.0 = Debug|Any CPU
		{3E544637-C12A-42E6-B034-7FD6E61FF559}.Release|Any CPU.ActiveCfg = Release|Any CPU
		{3E544637-C12A-42E6-B034-7FD6E61FF559}.Release|Any CPU.Build.0 = Release|Any CPU
		{3E544637-C12A-42E6-B034-7FD6E61FF559}.Release|Any CPU.Deploy.0 = Release|Any CPU
		{3E544637-C12A-42E6-B034-7FD6E61FF559}.Release|ARM.ActiveCfg = Release|Any CPU
		{3E544637-C12A-42E6-B034-7FD6E61FF559}.Release|ARM.Build.0 = Release|Any CPU
		{3E544637-C12A-42E6-B034-7FD6E61FF559}.Release|ARM.Deploy.0 = Release|Any CPU
		{3E544637-C12A-42E6-B034-7FD6E61FF559}.Release|iPhone.ActiveCfg = Release|Any CPU
		{3E544637-C12A-42E6-B034-7FD6E61FF559}.Release|iPhone.Build.0 = Release|Any CPU
		{3E544637-C12A-42E6-B034-7FD6E61FF559}.Release|iPhone.Deploy.0 = Release|Any CPU
		{3E544637-C12A-42E6-B034-7FD6E61FF559}.Release|iPhoneSimulator.ActiveCfg = Release|Any CPU
		{3E544637-C12A-42E6-B034-7FD6E61FF559}.Release|iPhoneSimulator.Build.0 = Release|Any CPU
		{3E544637-C12A-42E6-B034-7FD6E61FF559}.Release|iPhoneSimulator.Deploy.0 = Release|Any CPU
		{3E544637-C12A-42E6-B034-7FD6E61FF559}.Release|x64.ActiveCfg = Release|Any CPU
		{3E544637-C12A-42E6-B034-7FD6E61FF559}.Release|x64.Build.0 = Release|Any CPU
		{3E544637-C12A-42E6-B034-7FD6E61FF559}.Release|x64.Deploy.0 = Release|Any CPU
		{3E544637-C12A-42E6-B034-7FD6E61FF559}.Release|x86.ActiveCfg = Release|Any CPU
		{3E544637-C12A-42E6-B034-7FD6E61FF559}.Release|x86.Build.0 = Release|Any CPU
		{3E544637-C12A-42E6-B034-7FD6E61FF559}.Release|x86.Deploy.0 = Release|Any CPU
		{C3EDF715-ECEF-462C-AA7E-2DDE0C4FA36D}.Debug|Any CPU.ActiveCfg = Debug|iPhoneSimulator
		{C3EDF715-ECEF-462C-AA7E-2DDE0C4FA36D}.Debug|Any CPU.Build.0 = Debug|iPhoneSimulator
		{C3EDF715-ECEF-462C-AA7E-2DDE0C4FA36D}.Debug|Any CPU.Deploy.0 = Debug|iPhoneSimulator
		{C3EDF715-ECEF-462C-AA7E-2DDE0C4FA36D}.Debug|ARM.ActiveCfg = Debug|iPhone
		{C3EDF715-ECEF-462C-AA7E-2DDE0C4FA36D}.Debug|ARM.Build.0 = Debug|iPhone
		{C3EDF715-ECEF-462C-AA7E-2DDE0C4FA36D}.Debug|ARM.Deploy.0 = Debug|iPhone
		{C3EDF715-ECEF-462C-AA7E-2DDE0C4FA36D}.Debug|iPhone.ActiveCfg = Debug|iPhone
		{C3EDF715-ECEF-462C-AA7E-2DDE0C4FA36D}.Debug|iPhone.Build.0 = Debug|iPhone
		{C3EDF715-ECEF-462C-AA7E-2DDE0C4FA36D}.Debug|iPhone.Deploy.0 = Debug|iPhone
		{C3EDF715-ECEF-462C-AA7E-2DDE0C4FA36D}.Debug|iPhoneSimulator.ActiveCfg = Debug|iPhoneSimulator
		{C3EDF715-ECEF-462C-AA7E-2DDE0C4FA36D}.Debug|iPhoneSimulator.Build.0 = Debug|iPhoneSimulator
		{C3EDF715-ECEF-462C-AA7E-2DDE0C4FA36D}.Debug|iPhoneSimulator.Deploy.0 = Debug|iPhoneSimulator
		{C3EDF715-ECEF-462C-AA7E-2DDE0C4FA36D}.Debug|x64.ActiveCfg = Debug|iPhoneSimulator
		{C3EDF715-ECEF-462C-AA7E-2DDE0C4FA36D}.Debug|x64.Build.0 = Debug|iPhoneSimulator
		{C3EDF715-ECEF-462C-AA7E-2DDE0C4FA36D}.Debug|x64.Deploy.0 = Debug|iPhoneSimulator
		{C3EDF715-ECEF-462C-AA7E-2DDE0C4FA36D}.Debug|x86.ActiveCfg = Debug|iPhoneSimulator
		{C3EDF715-ECEF-462C-AA7E-2DDE0C4FA36D}.Debug|x86.Build.0 = Debug|iPhoneSimulator
		{C3EDF715-ECEF-462C-AA7E-2DDE0C4FA36D}.Debug|x86.Deploy.0 = Debug|iPhoneSimulator
		{C3EDF715-ECEF-462C-AA7E-2DDE0C4FA36D}.Release|Any CPU.ActiveCfg = Release|iPhoneSimulator
		{C3EDF715-ECEF-462C-AA7E-2DDE0C4FA36D}.Release|Any CPU.Build.0 = Release|iPhoneSimulator
		{C3EDF715-ECEF-462C-AA7E-2DDE0C4FA36D}.Release|Any CPU.Deploy.0 = Release|iPhoneSimulator
		{C3EDF715-ECEF-462C-AA7E-2DDE0C4FA36D}.Release|ARM.ActiveCfg = Release|iPhoneSimulator
		{C3EDF715-ECEF-462C-AA7E-2DDE0C4FA36D}.Release|ARM.Build.0 = Release|iPhoneSimulator
		{C3EDF715-ECEF-462C-AA7E-2DDE0C4FA36D}.Release|ARM.Deploy.0 = Release|iPhoneSimulator
		{C3EDF715-ECEF-462C-AA7E-2DDE0C4FA36D}.Release|iPhone.ActiveCfg = Release|iPhone
		{C3EDF715-ECEF-462C-AA7E-2DDE0C4FA36D}.Release|iPhone.Build.0 = Release|iPhone
		{C3EDF715-ECEF-462C-AA7E-2DDE0C4FA36D}.Release|iPhone.Deploy.0 = Release|iPhone
		{C3EDF715-ECEF-462C-AA7E-2DDE0C4FA36D}.Release|iPhoneSimulator.ActiveCfg = Release|iPhoneSimulator
		{C3EDF715-ECEF-462C-AA7E-2DDE0C4FA36D}.Release|iPhoneSimulator.Build.0 = Release|iPhoneSimulator
		{C3EDF715-ECEF-462C-AA7E-2DDE0C4FA36D}.Release|iPhoneSimulator.Deploy.0 = Release|iPhoneSimulator
		{C3EDF715-ECEF-462C-AA7E-2DDE0C4FA36D}.Release|x64.ActiveCfg = Release|iPhoneSimulator
		{C3EDF715-ECEF-462C-AA7E-2DDE0C4FA36D}.Release|x64.Build.0 = Release|iPhoneSimulator
		{C3EDF715-ECEF-462C-AA7E-2DDE0C4FA36D}.Release|x64.Deploy.0 = Release|iPhoneSimulator
		{C3EDF715-ECEF-462C-AA7E-2DDE0C4FA36D}.Release|x86.ActiveCfg = Release|iPhoneSimulator
		{C3EDF715-ECEF-462C-AA7E-2DDE0C4FA36D}.Release|x86.Build.0 = Release|iPhoneSimulator
		{C3EDF715-ECEF-462C-AA7E-2DDE0C4FA36D}.Release|x86.Deploy.0 = Release|iPhoneSimulator
		{93812C9D-7B62-45BB-AB2C-6513EC239650}.Debug|Any CPU.ActiveCfg = Debug|Any CPU
		{93812C9D-7B62-45BB-AB2C-6513EC239650}.Debug|Any CPU.Build.0 = Debug|Any CPU
		{93812C9D-7B62-45BB-AB2C-6513EC239650}.Debug|Any CPU.Deploy.0 = Debug|Any CPU
		{93812C9D-7B62-45BB-AB2C-6513EC239650}.Debug|ARM.ActiveCfg = Debug|Any CPU
		{93812C9D-7B62-45BB-AB2C-6513EC239650}.Debug|ARM.Build.0 = Debug|Any CPU
		{93812C9D-7B62-45BB-AB2C-6513EC239650}.Debug|ARM.Deploy.0 = Debug|Any CPU
		{93812C9D-7B62-45BB-AB2C-6513EC239650}.Debug|iPhone.ActiveCfg = Debug|Any CPU
		{93812C9D-7B62-45BB-AB2C-6513EC239650}.Debug|iPhone.Build.0 = Debug|Any CPU
		{93812C9D-7B62-45BB-AB2C-6513EC239650}.Debug|iPhone.Deploy.0 = Debug|Any CPU
		{93812C9D-7B62-45BB-AB2C-6513EC239650}.Debug|iPhoneSimulator.ActiveCfg = Debug|Any CPU
		{93812C9D-7B62-45BB-AB2C-6513EC239650}.Debug|iPhoneSimulator.Build.0 = Debug|Any CPU
		{93812C9D-7B62-45BB-AB2C-6513EC239650}.Debug|iPhoneSimulator.Deploy.0 = Debug|Any CPU
		{93812C9D-7B62-45BB-AB2C-6513EC239650}.Debug|x64.ActiveCfg = Debug|Any CPU
		{93812C9D-7B62-45BB-AB2C-6513EC239650}.Debug|x64.Build.0 = Debug|Any CPU
		{93812C9D-7B62-45BB-AB2C-6513EC239650}.Debug|x64.Deploy.0 = Debug|Any CPU
		{93812C9D-7B62-45BB-AB2C-6513EC239650}.Debug|x86.ActiveCfg = Debug|Any CPU
		{93812C9D-7B62-45BB-AB2C-6513EC239650}.Debug|x86.Build.0 = Debug|Any CPU
		{93812C9D-7B62-45BB-AB2C-6513EC239650}.Debug|x86.Deploy.0 = Debug|Any CPU
		{93812C9D-7B62-45BB-AB2C-6513EC239650}.Release|Any CPU.ActiveCfg = Release|Any CPU
		{93812C9D-7B62-45BB-AB2C-6513EC239650}.Release|Any CPU.Build.0 = Release|Any CPU
		{93812C9D-7B62-45BB-AB2C-6513EC239650}.Release|Any CPU.Deploy.0 = Release|Any CPU
		{93812C9D-7B62-45BB-AB2C-6513EC239650}.Release|ARM.ActiveCfg = Release|Any CPU
		{93812C9D-7B62-45BB-AB2C-6513EC239650}.Release|ARM.Build.0 = Release|Any CPU
		{93812C9D-7B62-45BB-AB2C-6513EC239650}.Release|ARM.Deploy.0 = Release|Any CPU
		{93812C9D-7B62-45BB-AB2C-6513EC239650}.Release|iPhone.ActiveCfg = Release|Any CPU
		{93812C9D-7B62-45BB-AB2C-6513EC239650}.Release|iPhone.Build.0 = Release|Any CPU
		{93812C9D-7B62-45BB-AB2C-6513EC239650}.Release|iPhone.Deploy.0 = Release|Any CPU
		{93812C9D-7B62-45BB-AB2C-6513EC239650}.Release|iPhoneSimulator.ActiveCfg = Release|Any CPU
		{93812C9D-7B62-45BB-AB2C-6513EC239650}.Release|iPhoneSimulator.Build.0 = Release|Any CPU
		{93812C9D-7B62-45BB-AB2C-6513EC239650}.Release|iPhoneSimulator.Deploy.0 = Release|Any CPU
		{93812C9D-7B62-45BB-AB2C-6513EC239650}.Release|x64.ActiveCfg = Release|Any CPU
		{93812C9D-7B62-45BB-AB2C-6513EC239650}.Release|x64.Build.0 = Release|Any CPU
		{93812C9D-7B62-45BB-AB2C-6513EC239650}.Release|x64.Deploy.0 = Release|Any CPU
		{93812C9D-7B62-45BB-AB2C-6513EC239650}.Release|x86.ActiveCfg = Release|Any CPU
		{93812C9D-7B62-45BB-AB2C-6513EC239650}.Release|x86.Build.0 = Release|Any CPU
		{93812C9D-7B62-45BB-AB2C-6513EC239650}.Release|x86.Deploy.0 = Release|Any CPU
	EndGlobalSection
	GlobalSection(SolutionProperties) = preSolution
		HideSolutionNode = FALSE
	EndGlobalSection
	GlobalSection(ExtensibilityGlobals) = postSolution
		SolutionGuid = {0C231C81-643E-4046-B8D8-583D8EFEEABE}
	EndGlobalSection
EndGlobal
